
Microsoft Visual Studio Solution File, Format Version 12.00
# Visual Studio 15
VisualStudioVersion = 15.0.27004.2010
MinimumVisualStudioVersion = 10.0.40219.1
Project("{FAE04EC0-301F-11D3-BF4B-00C04F79EFBC}") = "JaggedArraySortingLogic.Tests", "JaggedArraySorting.Tests\JaggedArraySortingLogic.Tests.csproj", "{67599AED-38FA-4ADF-A610-BD8070C6FD72}"
EndProject
Project("{FAE04EC0-301F-11D3-BF4B-00C04F79EFBC}") = "JaggedArraySortingLogic", "JaggedArraySorting\JaggedArraySortingLogic.csproj", "{BF742A5A-D9D4-4298-B74B-9181CC83015B}"
EndProject
Global
	GlobalSection(SolutionConfigurationPlatforms) = preSolution
		Debug|Any CPU = Debug|Any CPU
		Release|Any CPU = Release|Any CPU
	EndGlobalSection
	GlobalSection(ProjectConfigurationPlatforms) = postSolution
		{67599AED-38FA-4ADF-A610-BD8070C6FD72}.Debug|Any CPU.ActiveCfg = Debug|Any CPU
		{67599AED-38FA-4ADF-A610-BD8070C6FD72}.Debug|Any CPU.Build.0 = Debug|Any CPU
		{67599AED-38FA-4ADF-A610-BD8070C6FD72}.Release|Any CPU.ActiveCfg = Release|Any CPU
		{67599AED-38FA-4ADF-A610-BD8070C6FD72}.Release|Any CPU.Build.0 = Release|Any CPU
		{BF742A5A-D9D4-4298-B74B-9181CC83015B}.Debug|Any CPU.ActiveCfg = Debug|Any CPU
		{BF742A5A-D9D4-4298-B74B-9181CC83015B}.Debug|Any CPU.Build.0 = Debug|Any CPU
		{BF742A5A-D9D4-4298-B74B-9181CC83015B}.Release|Any CPU.ActiveCfg = Release|Any CPU
		{BF742A5A-D9D4-4298-B74B-9181CC83015B}.Release|Any CPU.Build.0 = Release|Any CPU
	EndGlobalSection
	GlobalSection(SolutionProperties) = preSolution
		HideSolutionNode = FALSE
	EndGlobalSection
	GlobalSection(ExtensibilityGlobals) = postSolution
		SolutionGuid = {8B8F6F71-3EC3-4515-8545-377E46966FCC}
	EndGlobalSection
EndGlobal
